
Microsoft Visual Studio Solution File, Format Version 12.00
# Visual Studio 14
VisualStudioVersion = 14.0.25420.1
MinimumVisualStudioVersion = 10.0.40219.1
Project("{FAE04EC0-301F-11D3-BF4B-00C04F79EFBC}") = "PiApp", "PiApp\PiApp.csproj", "{A09B456F-E91D-4202-8D07-0B4294E642B4}"
EndProject
Project("{FAE04EC0-301F-11D3-BF4B-00C04F79EFBC}") = "DroneControlCalculation", "DroneControlCalculation\DroneControlCalculation.csproj", "{F822B976-582E-41EE-A831-FFCB45BB9171}"
EndProject
Project("{FAE04EC0-301F-11D3-BF4B-00C04F79EFBC}") = "PipeDll", "PipeDll\PipeDll.csproj", "{B6ADE06E-A4C9-4559-AAE9-102759532FA8}"
EndProject
Global
	GlobalSection(SolutionConfigurationPlatforms) = preSolution
		Debug|Any CPU = Debug|Any CPU
		Release|Any CPU = Release|Any CPU
	EndGlobalSection
	GlobalSection(ProjectConfigurationPlatforms) = postSolution
		{A09B456F-E91D-4202-8D07-0B4294E642B4}.Debug|Any CPU.ActiveCfg = Debug|Any CPU
		{A09B456F-E91D-4202-8D07-0B4294E642B4}.Debug|Any CPU.Build.0 = Debug|Any CPU
		{A09B456F-E91D-4202-8D07-0B4294E642B4}.Release|Any CPU.ActiveCfg = Release|Any CPU
		{A09B456F-E91D-4202-8D07-0B4294E642B4}.Release|Any CPU.Build.0 = Release|Any CPU
		{F822B976-582E-41EE-A831-FFCB45BB9171}.Debug|Any CPU.ActiveCfg = Debug|Any CPU
		{F822B976-582E-41EE-A831-FFCB45BB9171}.Debug|Any CPU.Build.0 = Debug|Any CPU
		{F822B976-582E-41EE-A831-FFCB45BB9171}.Release|Any CPU.ActiveCfg = Release|Any CPU
		{F822B976-582E-41EE-A831-FFCB45BB9171}.Release|Any CPU.Build.0 = Release|Any CPU
		{B6ADE06E-A4C9-4559-AAE9-102759532FA8}.Debug|Any CPU.ActiveCfg = Debug|Any CPU
		{B6ADE06E-A4C9-4559-AAE9-102759532FA8}.Debug|Any CPU.Build.0 = Debug|Any CPU
		{B6ADE06E-A4C9-4559-AAE9-102759532FA8}.Release|Any CPU.ActiveCfg = Release|Any CPU
		{B6ADE06E-A4C9-4559-AAE9-102759532FA8}.Release|Any CPU.Build.0 = Release|Any CPU
	EndGlobalSection
	GlobalSection(SolutionProperties) = preSolution
		HideSolutionNode = FALSE
	EndGlobalSection
EndGlobal
