
Microsoft Visual Studio Solution File, Format Version 12.00
# Visual Studio 14
VisualStudioVersion = 14.0.25420.1
MinimumVisualStudioVersion = 10.0.40219.1
Project("{FAE04EC0-301F-11D3-BF4B-00C04F79EFBC}") = "PiApp", "PiApp\PiApp.csproj", "{A09B456F-E91D-4202-8D07-0B4294E642B4}"
	ProjectSection(ProjectDependencies) = postProject
		{54277716-A671-477D-B64C-8A4179933793} = {54277716-A671-477D-B64C-8A4179933793}
	EndProjectSection
EndProject
Project("{FAE04EC0-301F-11D3-BF4B-00C04F79EFBC}") = "DroneControlCalculation", "DroneControlCalculation\DroneControlCalculation.csproj", "{F822B976-582E-41EE-A831-FFCB45BB9171}"
	ProjectSection(ProjectDependencies) = postProject
		{54277716-A671-477D-B64C-8A4179933793} = {54277716-A671-477D-B64C-8A4179933793}
	EndProjectSection
EndProject
Project("{FAE04EC0-301F-11D3-BF4B-00C04F79EFBC}") = "PrototypeServer", "Prototype\PrototypeServer.csproj", "{129BBDAC-0121-4521-A539-8B926E24F1D5}"
EndProject
Project("{2150E333-8FDC-42A3-9474-1A3956D46DE8}") = "CSharpNamedPipePrototype", "CSharpNamedPipePrototype", "{1E2C95B7-23B4-49AF-8546-233A1381F831}"
	ProjectSection(SolutionItems) = preProject
		README.txt = README.txt
	EndProjectSection
EndProject
Project("{FAE04EC0-301F-11D3-BF4B-00C04F79EFBC}") = "PrototypeClient", "PrototypeClient\PrototypeClient.csproj", "{7C20953C-157F-42B2-8B0A-0C3F396FD708}"
EndProject
Project("{8BC9CEB8-8B4A-11D0-8D11-00A0C91BC942}") = "IPCComponent", "IPCComponent\IPCComponent.vcxproj", "{AF15AC4A-3081-4503-BCB5-0A02881F876F}"
EndProject
Project("{FAE04EC0-301F-11D3-BF4B-00C04F79EFBC}") = "IPCWrapper", "IPCWrapper\IPCWrapper.csproj", "{54277716-A671-477D-B64C-8A4179933793}"
	ProjectSection(ProjectDependencies) = postProject
		{AF15AC4A-3081-4503-BCB5-0A02881F876F} = {AF15AC4A-3081-4503-BCB5-0A02881F876F}
	EndProjectSection
EndProject
Global
	GlobalSection(SolutionConfigurationPlatforms) = preSolution
		Debug|Any CPU = Debug|Any CPU
		Debug|x64 = Debug|x64
		Debug|x86 = Debug|x86
		Release|Any CPU = Release|Any CPU
		Release|x64 = Release|x64
		Release|x86 = Release|x86
	EndGlobalSection
	GlobalSection(ProjectConfigurationPlatforms) = postSolution
		{A09B456F-E91D-4202-8D07-0B4294E642B4}.Debug|Any CPU.ActiveCfg = Debug|Any CPU
		{A09B456F-E91D-4202-8D07-0B4294E642B4}.Debug|Any CPU.Build.0 = Debug|Any CPU
		{A09B456F-E91D-4202-8D07-0B4294E642B4}.Debug|x64.ActiveCfg = Debug|Any CPU
		{A09B456F-E91D-4202-8D07-0B4294E642B4}.Debug|x64.Build.0 = Debug|Any CPU
		{A09B456F-E91D-4202-8D07-0B4294E642B4}.Debug|x86.ActiveCfg = Debug|Any CPU
		{A09B456F-E91D-4202-8D07-0B4294E642B4}.Debug|x86.Build.0 = Debug|Any CPU
		{A09B456F-E91D-4202-8D07-0B4294E642B4}.Release|Any CPU.ActiveCfg = Release|Any CPU
		{A09B456F-E91D-4202-8D07-0B4294E642B4}.Release|Any CPU.Build.0 = Release|Any CPU
		{A09B456F-E91D-4202-8D07-0B4294E642B4}.Release|x64.ActiveCfg = Release|Any CPU
		{A09B456F-E91D-4202-8D07-0B4294E642B4}.Release|x64.Build.0 = Release|Any CPU
		{A09B456F-E91D-4202-8D07-0B4294E642B4}.Release|x86.ActiveCfg = Release|Any CPU
		{A09B456F-E91D-4202-8D07-0B4294E642B4}.Release|x86.Build.0 = Release|Any CPU
		{F822B976-582E-41EE-A831-FFCB45BB9171}.Debug|Any CPU.ActiveCfg = Debug|Any CPU
		{F822B976-582E-41EE-A831-FFCB45BB9171}.Debug|Any CPU.Build.0 = Debug|Any CPU
		{F822B976-582E-41EE-A831-FFCB45BB9171}.Debug|x64.ActiveCfg = Debug|Any CPU
		{F822B976-582E-41EE-A831-FFCB45BB9171}.Debug|x64.Build.0 = Debug|Any CPU
		{F822B976-582E-41EE-A831-FFCB45BB9171}.Debug|x86.ActiveCfg = Debug|Any CPU
		{F822B976-582E-41EE-A831-FFCB45BB9171}.Debug|x86.Build.0 = Debug|Any CPU
		{F822B976-582E-41EE-A831-FFCB45BB9171}.Release|Any CPU.ActiveCfg = Release|Any CPU
		{F822B976-582E-41EE-A831-FFCB45BB9171}.Release|Any CPU.Build.0 = Release|Any CPU
		{F822B976-582E-41EE-A831-FFCB45BB9171}.Release|x64.ActiveCfg = Release|Any CPU
		{F822B976-582E-41EE-A831-FFCB45BB9171}.Release|x64.Build.0 = Release|Any CPU
		{F822B976-582E-41EE-A831-FFCB45BB9171}.Release|x86.ActiveCfg = Release|Any CPU
		{F822B976-582E-41EE-A831-FFCB45BB9171}.Release|x86.Build.0 = Release|Any CPU
		{129BBDAC-0121-4521-A539-8B926E24F1D5}.Debug|Any CPU.ActiveCfg = Debug|Any CPU
		{129BBDAC-0121-4521-A539-8B926E24F1D5}.Debug|Any CPU.Build.0 = Debug|Any CPU
		{129BBDAC-0121-4521-A539-8B926E24F1D5}.Debug|x64.ActiveCfg = Debug|Any CPU
		{129BBDAC-0121-4521-A539-8B926E24F1D5}.Debug|x64.Build.0 = Debug|Any CPU
		{129BBDAC-0121-4521-A539-8B926E24F1D5}.Debug|x86.ActiveCfg = Debug|Any CPU
		{129BBDAC-0121-4521-A539-8B926E24F1D5}.Debug|x86.Build.0 = Debug|Any CPU
		{129BBDAC-0121-4521-A539-8B926E24F1D5}.Release|Any CPU.ActiveCfg = Release|Any CPU
		{129BBDAC-0121-4521-A539-8B926E24F1D5}.Release|Any CPU.Build.0 = Release|Any CPU
		{129BBDAC-0121-4521-A539-8B926E24F1D5}.Release|x64.ActiveCfg = Release|Any CPU
		{129BBDAC-0121-4521-A539-8B926E24F1D5}.Release|x64.Build.0 = Release|Any CPU
		{129BBDAC-0121-4521-A539-8B926E24F1D5}.Release|x86.ActiveCfg = Release|Any CPU
		{129BBDAC-0121-4521-A539-8B926E24F1D5}.Release|x86.Build.0 = Release|Any CPU
		{7C20953C-157F-42B2-8B0A-0C3F396FD708}.Debug|Any CPU.ActiveCfg = Debug|Any CPU
		{7C20953C-157F-42B2-8B0A-0C3F396FD708}.Debug|Any CPU.Build.0 = Debug|Any CPU
		{7C20953C-157F-42B2-8B0A-0C3F396FD708}.Debug|x64.ActiveCfg = Debug|Any CPU
		{7C20953C-157F-42B2-8B0A-0C3F396FD708}.Debug|x64.Build.0 = Debug|Any CPU
		{7C20953C-157F-42B2-8B0A-0C3F396FD708}.Debug|x86.ActiveCfg = Debug|Any CPU
		{7C20953C-157F-42B2-8B0A-0C3F396FD708}.Debug|x86.Build.0 = Debug|Any CPU
		{7C20953C-157F-42B2-8B0A-0C3F396FD708}.Release|Any CPU.ActiveCfg = Release|Any CPU
		{7C20953C-157F-42B2-8B0A-0C3F396FD708}.Release|Any CPU.Build.0 = Release|Any CPU
		{7C20953C-157F-42B2-8B0A-0C3F396FD708}.Release|x64.ActiveCfg = Release|Any CPU
		{7C20953C-157F-42B2-8B0A-0C3F396FD708}.Release|x64.Build.0 = Release|Any CPU
		{7C20953C-157F-42B2-8B0A-0C3F396FD708}.Release|x86.ActiveCfg = Release|Any CPU
		{7C20953C-157F-42B2-8B0A-0C3F396FD708}.Release|x86.Build.0 = Release|Any CPU
		{AF15AC4A-3081-4503-BCB5-0A02881F876F}.Debug|Any CPU.ActiveCfg = Debug|Win32
		{AF15AC4A-3081-4503-BCB5-0A02881F876F}.Debug|Any CPU.Build.0 = Debug|Win32
		{AF15AC4A-3081-4503-BCB5-0A02881F876F}.Debug|x64.ActiveCfg = Debug|x64
		{AF15AC4A-3081-4503-BCB5-0A02881F876F}.Debug|x64.Build.0 = Debug|x64
		{AF15AC4A-3081-4503-BCB5-0A02881F876F}.Debug|x86.ActiveCfg = Debug|Win32
		{AF15AC4A-3081-4503-BCB5-0A02881F876F}.Debug|x86.Build.0 = Debug|Win32
		{AF15AC4A-3081-4503-BCB5-0A02881F876F}.Release|Any CPU.ActiveCfg = Release|Win32
		{AF15AC4A-3081-4503-BCB5-0A02881F876F}.Release|Any CPU.Build.0 = Release|Win32
		{AF15AC4A-3081-4503-BCB5-0A02881F876F}.Release|x64.ActiveCfg = Release|x64
		{AF15AC4A-3081-4503-BCB5-0A02881F876F}.Release|x64.Build.0 = Release|x64
		{AF15AC4A-3081-4503-BCB5-0A02881F876F}.Release|x86.ActiveCfg = Release|Win32
		{AF15AC4A-3081-4503-BCB5-0A02881F876F}.Release|x86.Build.0 = Release|Win32
		{54277716-A671-477D-B64C-8A4179933793}.Debug|Any CPU.ActiveCfg = Debug|Any CPU
		{54277716-A671-477D-B64C-8A4179933793}.Debug|Any CPU.Build.0 = Debug|Any CPU
		{54277716-A671-477D-B64C-8A4179933793}.Debug|x64.ActiveCfg = Debug|Any CPU
		{54277716-A671-477D-B64C-8A4179933793}.Debug|x64.Build.0 = Debug|Any CPU
		{54277716-A671-477D-B64C-8A4179933793}.Debug|x86.ActiveCfg = Debug|Any CPU
		{54277716-A671-477D-B64C-8A4179933793}.Debug|x86.Build.0 = Debug|Any CPU
		{54277716-A671-477D-B64C-8A4179933793}.Release|Any CPU.ActiveCfg = Release|Any CPU
		{54277716-A671-477D-B64C-8A4179933793}.Release|Any CPU.Build.0 = Release|Any CPU
		{54277716-A671-477D-B64C-8A4179933793}.Release|x64.ActiveCfg = Release|Any CPU
		{54277716-A671-477D-B64C-8A4179933793}.Release|x64.Build.0 = Release|Any CPU
		{54277716-A671-477D-B64C-8A4179933793}.Release|x86.ActiveCfg = Release|Any CPU
		{54277716-A671-477D-B64C-8A4179933793}.Release|x86.Build.0 = Release|Any CPU
	EndGlobalSection
	GlobalSection(SolutionProperties) = preSolution
		HideSolutionNode = FALSE
	EndGlobalSection
	GlobalSection(NestedProjects) = preSolution
		{129BBDAC-0121-4521-A539-8B926E24F1D5} = {1E2C95B7-23B4-49AF-8546-233A1381F831}
		{7C20953C-157F-42B2-8B0A-0C3F396FD708} = {1E2C95B7-23B4-49AF-8546-233A1381F831}
	EndGlobalSection
EndGlobal
