
Microsoft Visual Studio Solution File, Format Version 12.00
# Visual Studio 14
VisualStudioVersion = 14.0.23107.0
MinimumVisualStudioVersion = 10.0.40219.1
Project("{FAE04EC0-301F-11D3-BF4B-00C04F79EFBC}") = "Server_App", "Server_App\Server_App.csproj", "{77697F15-900D-4437-8EC5-B5E17D5F6410}"
EndProject
Project("{FAE04EC0-301F-11D3-BF4B-00C04F79EFBC}") = "Client", "Client\Client.csproj", "{46BCE016-401C-4AA0-8F26-53DE55A41F1C}"
EndProject
Project("{FAE04EC0-301F-11D3-BF4B-00C04F79EFBC}") = "RemoteObject", "RemoteObject\RemoteObject.csproj", "{24FBC6E3-044A-47BB-843C-270DCAB46F64}"
EndProject
Project("{FAE04EC0-301F-11D3-BF4B-00C04F79EFBC}") = "Client_TestApp", "Client_TestApp\Client_TestApp.csproj", "{39D962C3-0F2E-4F4A-A2ED-1E26AA1C7697}"
EndProject
Global
	GlobalSection(SolutionConfigurationPlatforms) = preSolution
		Debug|Any CPU = Debug|Any CPU
		Release|Any CPU = Release|Any CPU
	EndGlobalSection
	GlobalSection(ProjectConfigurationPlatforms) = postSolution
		{77697F15-900D-4437-8EC5-B5E17D5F6410}.Debug|Any CPU.ActiveCfg = Debug|Any CPU
		{77697F15-900D-4437-8EC5-B5E17D5F6410}.Debug|Any CPU.Build.0 = Debug|Any CPU
		{77697F15-900D-4437-8EC5-B5E17D5F6410}.Release|Any CPU.ActiveCfg = Release|Any CPU
		{77697F15-900D-4437-8EC5-B5E17D5F6410}.Release|Any CPU.Build.0 = Release|Any CPU
		{46BCE016-401C-4AA0-8F26-53DE55A41F1C}.Debug|Any CPU.ActiveCfg = Debug|Any CPU
		{46BCE016-401C-4AA0-8F26-53DE55A41F1C}.Debug|Any CPU.Build.0 = Debug|Any CPU
		{46BCE016-401C-4AA0-8F26-53DE55A41F1C}.Release|Any CPU.ActiveCfg = Release|Any CPU
		{46BCE016-401C-4AA0-8F26-53DE55A41F1C}.Release|Any CPU.Build.0 = Release|Any CPU
		{24FBC6E3-044A-47BB-843C-270DCAB46F64}.Debug|Any CPU.ActiveCfg = Debug|Any CPU
		{24FBC6E3-044A-47BB-843C-270DCAB46F64}.Debug|Any CPU.Build.0 = Debug|Any CPU
		{24FBC6E3-044A-47BB-843C-270DCAB46F64}.Release|Any CPU.ActiveCfg = Release|Any CPU
		{24FBC6E3-044A-47BB-843C-270DCAB46F64}.Release|Any CPU.Build.0 = Release|Any CPU
		{39D962C3-0F2E-4F4A-A2ED-1E26AA1C7697}.Debug|Any CPU.ActiveCfg = Debug|Any CPU
		{39D962C3-0F2E-4F4A-A2ED-1E26AA1C7697}.Debug|Any CPU.Build.0 = Debug|Any CPU
		{39D962C3-0F2E-4F4A-A2ED-1E26AA1C7697}.Release|Any CPU.ActiveCfg = Release|Any CPU
		{39D962C3-0F2E-4F4A-A2ED-1E26AA1C7697}.Release|Any CPU.Build.0 = Release|Any CPU
	EndGlobalSection
	GlobalSection(SolutionProperties) = preSolution
		HideSolutionNode = FALSE
	EndGlobalSection
EndGlobal
