
Microsoft Visual Studio Solution File, Format Version 12.00
# Visual Studio 2015
Project("{FAE04EC0-301F-11D3-BF4B-00C04F79EFBC}") = "TrafficSimulation.CSharp", "TrafficSimulation.CSharp.csproj", "{9764BA12-A1B9-BBE9-EC0F-505D1BF72154}"
EndProject
Project("{FAE04EC0-301F-11D3-BF4B-00C04F79EFBC}") = "TrafficSimulation.CSharp.Editor", "TrafficSimulation.CSharp.Editor.csproj", "{34C510AE-0F43-18FD-52A3-F4B8327DF2A7}"
EndProject
Global
	GlobalSection(SolutionConfigurationPlatforms) = preSolution
		Debug|Any CPU = Debug|Any CPU
		Release|Any CPU = Release|Any CPU
	EndGlobalSection
	GlobalSection(ProjectConfigurationPlatforms) = postSolution
		{9764BA12-A1B9-BBE9-EC0F-505D1BF72154}.Debug|Any CPU.ActiveCfg = Debug|Any CPU
		{9764BA12-A1B9-BBE9-EC0F-505D1BF72154}.Debug|Any CPU.Build.0 = Debug|Any CPU
		{9764BA12-A1B9-BBE9-EC0F-505D1BF72154}.Release|Any CPU.ActiveCfg = Release|Any CPU
		{9764BA12-A1B9-BBE9-EC0F-505D1BF72154}.Release|Any CPU.Build.0 = Release|Any CPU
		{34C510AE-0F43-18FD-52A3-F4B8327DF2A7}.Debug|Any CPU.ActiveCfg = Debug|Any CPU
		{34C510AE-0F43-18FD-52A3-F4B8327DF2A7}.Debug|Any CPU.Build.0 = Debug|Any CPU
		{34C510AE-0F43-18FD-52A3-F4B8327DF2A7}.Release|Any CPU.ActiveCfg = Release|Any CPU
		{34C510AE-0F43-18FD-52A3-F4B8327DF2A7}.Release|Any CPU.Build.0 = Release|Any CPU
	EndGlobalSection
	GlobalSection(SolutionProperties) = preSolution
		HideSolutionNode = FALSE
	EndGlobalSection
EndGlobal
